
Microsoft Visual Studio Solution File, Format Version 12.00
# Visual Studio Version 16
VisualStudioVersion = 16.0.30104.148
MinimumVisualStudioVersion = 10.0.40219.1
Project("{9A19103F-16F7-4668-BE54-9A1E7A4F7556}") = "WebBuilder.UserUI", "WebBuilder.UserUI\WebBuilder.UserUI.csproj", "{47EB454B-0CDA-4640-BF3C-D9C7B8AE35AF}"
EndProject
Project("{9A19103F-16F7-4668-BE54-9A1E7A4F7556}") = "Entity", "Entity\Entity.csproj", "{88814D7B-F712-45D2-9AE6-57E4D6F87BCD}"
EndProject
Project("{9A19103F-16F7-4668-BE54-9A1E7A4F7556}") = "Data", "Data\Data.csproj", "{77BCC491-D965-4E09-BECF-A80FA91E5BC8}"
EndProject
Project("{9A19103F-16F7-4668-BE54-9A1E7A4F7556}") = "WebBuilderExceptionLibrary", "WebBuilderExceptionLibrary\WebBuilderExceptionLibrary.csproj", "{007D387E-C4C5-4433-91F1-4216DAFABA01}"
EndProject
Project("{9A19103F-16F7-4668-BE54-9A1E7A4F7556}") = "Identity", "Identity\Identity.csproj", "{7F9B8AC5-A194-42FC-BBFB-BC2E6F780737}"
EndProject
Project("{9A19103F-16F7-4668-BE54-9A1E7A4F7556}") = "WebBuilder.Core", "WebBuilder.Core\WebBuilder.Core.csproj", "{BD61E67C-060B-4A4D-A605-660BEF41D13F}"
EndProject
Project("{9A19103F-16F7-4668-BE54-9A1E7A4F7556}") = "WebBuilder.Business", "WebBuilder.Business\WebBuilder.Business.csproj", "{A45C7B36-78D8-4B8E-A066-03D75B6C4FB6}"
EndProject
Project("{9A19103F-16F7-4668-BE54-9A1E7A4F7556}") = "WebBuilder.Middleware", "WebBuilder.Middleware\WebBuilder.Middleware.csproj", "{D1154C81-CB45-44C9-9406-5B21D970389D}"
EndProject
Project("{9A19103F-16F7-4668-BE54-9A1E7A4F7556}") = "WebBuilder.Extension", "WebBuilder.Extension\WebBuilder.Extension.csproj", "{299CF491-D3B8-46CD-A36A-9FF200C15E13}"
EndProject
Project("{2150E333-8FDC-42A3-9474-1A3956D46DE8}") = "Solution Items", "Solution Items", "{16A1E216-5336-40C1-90B4-3F14EA843686}"
	ProjectSection(SolutionItems) = preProject
		.filenesting.json = .filenesting.json
	EndProjectSection
EndProject
Global
	GlobalSection(SolutionConfigurationPlatforms) = preSolution
		Debug|Any CPU = Debug|Any CPU
		Release|Any CPU = Release|Any CPU
	EndGlobalSection
	GlobalSection(ProjectConfigurationPlatforms) = postSolution
		{47EB454B-0CDA-4640-BF3C-D9C7B8AE35AF}.Debug|Any CPU.ActiveCfg = Debug|Any CPU
		{47EB454B-0CDA-4640-BF3C-D9C7B8AE35AF}.Debug|Any CPU.Build.0 = Debug|Any CPU
		{47EB454B-0CDA-4640-BF3C-D9C7B8AE35AF}.Release|Any CPU.ActiveCfg = Release|Any CPU
		{47EB454B-0CDA-4640-BF3C-D9C7B8AE35AF}.Release|Any CPU.Build.0 = Release|Any CPU
		{88814D7B-F712-45D2-9AE6-57E4D6F87BCD}.Debug|Any CPU.ActiveCfg = Debug|Any CPU
		{88814D7B-F712-45D2-9AE6-57E4D6F87BCD}.Debug|Any CPU.Build.0 = Debug|Any CPU
		{88814D7B-F712-45D2-9AE6-57E4D6F87BCD}.Release|Any CPU.ActiveCfg = Release|Any CPU
		{88814D7B-F712-45D2-9AE6-57E4D6F87BCD}.Release|Any CPU.Build.0 = Release|Any CPU
		{77BCC491-D965-4E09-BECF-A80FA91E5BC8}.Debug|Any CPU.ActiveCfg = Debug|Any CPU
		{77BCC491-D965-4E09-BECF-A80FA91E5BC8}.Debug|Any CPU.Build.0 = Debug|Any CPU
		{77BCC491-D965-4E09-BECF-A80FA91E5BC8}.Release|Any CPU.ActiveCfg = Release|Any CPU
		{77BCC491-D965-4E09-BECF-A80FA91E5BC8}.Release|Any CPU.Build.0 = Release|Any CPU
		{007D387E-C4C5-4433-91F1-4216DAFABA01}.Debug|Any CPU.ActiveCfg = Debug|Any CPU
		{007D387E-C4C5-4433-91F1-4216DAFABA01}.Debug|Any CPU.Build.0 = Debug|Any CPU
		{007D387E-C4C5-4433-91F1-4216DAFABA01}.Release|Any CPU.ActiveCfg = Release|Any CPU
		{007D387E-C4C5-4433-91F1-4216DAFABA01}.Release|Any CPU.Build.0 = Release|Any CPU
		{7F9B8AC5-A194-42FC-BBFB-BC2E6F780737}.Debug|Any CPU.ActiveCfg = Debug|Any CPU
		{7F9B8AC5-A194-42FC-BBFB-BC2E6F780737}.Debug|Any CPU.Build.0 = Debug|Any CPU
		{7F9B8AC5-A194-42FC-BBFB-BC2E6F780737}.Release|Any CPU.ActiveCfg = Release|Any CPU
		{7F9B8AC5-A194-42FC-BBFB-BC2E6F780737}.Release|Any CPU.Build.0 = Release|Any CPU
		{BD61E67C-060B-4A4D-A605-660BEF41D13F}.Debug|Any CPU.ActiveCfg = Debug|Any CPU
		{BD61E67C-060B-4A4D-A605-660BEF41D13F}.Debug|Any CPU.Build.0 = Debug|Any CPU
		{BD61E67C-060B-4A4D-A605-660BEF41D13F}.Release|Any CPU.ActiveCfg = Release|Any CPU
		{BD61E67C-060B-4A4D-A605-660BEF41D13F}.Release|Any CPU.Build.0 = Release|Any CPU
		{A45C7B36-78D8-4B8E-A066-03D75B6C4FB6}.Debug|Any CPU.ActiveCfg = Debug|Any CPU
		{A45C7B36-78D8-4B8E-A066-03D75B6C4FB6}.Debug|Any CPU.Build.0 = Debug|Any CPU
		{A45C7B36-78D8-4B8E-A066-03D75B6C4FB6}.Release|Any CPU.ActiveCfg = Release|Any CPU
		{A45C7B36-78D8-4B8E-A066-03D75B6C4FB6}.Release|Any CPU.Build.0 = Release|Any CPU
		{D1154C81-CB45-44C9-9406-5B21D970389D}.Debug|Any CPU.ActiveCfg = Debug|Any CPU
		{D1154C81-CB45-44C9-9406-5B21D970389D}.Debug|Any CPU.Build.0 = Debug|Any CPU
		{D1154C81-CB45-44C9-9406-5B21D970389D}.Release|Any CPU.ActiveCfg = Release|Any CPU
		{D1154C81-CB45-44C9-9406-5B21D970389D}.Release|Any CPU.Build.0 = Release|Any CPU
		{299CF491-D3B8-46CD-A36A-9FF200C15E13}.Debug|Any CPU.ActiveCfg = Debug|Any CPU
		{299CF491-D3B8-46CD-A36A-9FF200C15E13}.Debug|Any CPU.Build.0 = Debug|Any CPU
		{299CF491-D3B8-46CD-A36A-9FF200C15E13}.Release|Any CPU.ActiveCfg = Release|Any CPU
		{299CF491-D3B8-46CD-A36A-9FF200C15E13}.Release|Any CPU.Build.0 = Release|Any CPU
	EndGlobalSection
	GlobalSection(SolutionProperties) = preSolution
		HideSolutionNode = FALSE
	EndGlobalSection
	GlobalSection(ExtensibilityGlobals) = postSolution
		SolutionGuid = {2BB810F4-CB39-4FAC-ACB3-BD7DAB7186C1}
	EndGlobalSection
	GlobalSection(TeamFoundationVersionControl) = preSolution
		SccNumberOfProjects = 10
		SccEnterpriseProvider = {4CA58AB2-18FA-4F8D-95D4-32DDF27D184C}
		SccTeamFoundationServer = https://milvasoft.visualstudio.com/
		SccLocalPath0 = .
		SccProjectUniqueName1 = WebBuilder.UserUI\\WebBuilder.UserUI.csproj
		SccProjectName1 = WebBuilder.UserUI
		SccLocalPath1 = WebBuilder.UserUI
		SccProjectUniqueName2 = Entity\\Entity.csproj
		SccProjectName2 = Entity
		SccLocalPath2 = Entity
		SccProjectUniqueName3 = Data\\Data.csproj
		SccProjectName3 = Data
		SccLocalPath3 = Data
		SccProjectUniqueName4 = WebBuilderExceptionLibrary\\WebBuilderExceptionLibrary.csproj
		SccProjectName4 = WebBuilderExceptionLibrary
		SccLocalPath4 = WebBuilderExceptionLibrary
		SccProjectUniqueName5 = Identity\\Identity.csproj
		SccProjectName5 = Identity
		SccLocalPath5 = Identity
		SccProjectUniqueName6 = WebBuilder.Core\\WebBuilder.Core.csproj
		SccProjectName6 = WebBuilder.Core
		SccLocalPath6 = WebBuilder.Core
		SccProjectUniqueName7 = WebBuilder.Business\\WebBuilder.Business.csproj
		SccProjectName7 = WebBuilder.Business
		SccLocalPath7 = WebBuilder.Business
		SccProjectUniqueName8 = WebBuilder.Middleware\\WebBuilder.Middleware.csproj
		SccProjectName8 = WebBuilder.Middleware
		SccLocalPath8 = WebBuilder.Middleware
		SccProjectUniqueName9 = WebBuilder.Extension\\WebBuilder.Extension.csproj
		SccProjectName9 = WebBuilder.Extension
		SccLocalPath9 = WebBuilder.Extension
	EndGlobalSection
EndGlobal
